// !$*UTF8*$!
{
	archiveVersion = 1;
	classes = {
	};
	objectVersion = 55;
	objects = {

/* Begin PBXBuildFile section */
		1B1A328D2ADF0E13001738C3 /* Let_em_CookApp.swift in Sources */ = {isa = PBXBuildFile; fileRef = 1B1A328C2ADF0E13001738C3 /* Let_em_CookApp.swift */; };
		1B1A328F2ADF0E13001738C3 /* ContentView.swift in Sources */ = {isa = PBXBuildFile; fileRef = 1B1A328E2ADF0E13001738C3 /* ContentView.swift */; };
		1B1A32912ADF0E19001738C3 /* Assets.xcassets in Resources */ = {isa = PBXBuildFile; fileRef = 1B1A32902ADF0E19001738C3 /* Assets.xcassets */; };
		1B1A32942ADF0E19001738C3 /* Preview Assets.xcassets in Resources */ = {isa = PBXBuildFile; fileRef = 1B1A32932ADF0E19001738C3 /* Preview Assets.xcassets */; };
		B33B3A632AFAF8D200C8812B /* MapView.swift in Sources */ = {isa = PBXBuildFile; fileRef = B33B3A622AFAF8D200C8812B /* MapView.swift */; };
		1B7FDACB2AE9A21000126CFE /* RecipeDetail.swift in Sources */ = {isa = PBXBuildFile; fileRef = 1B7FDACA2AE9A21000126CFE /* RecipeDetail.swift */; };
		1B80A0BF2AE860EE0015FBEF /* RecipeRow.swift in Sources */ = {isa = PBXBuildFile; fileRef = 1B80A0BE2AE860EE0015FBEF /* RecipeRow.swift */; };
		1B80A0C12AE861470015FBEF /* Recipe.swift in Sources */ = {isa = PBXBuildFile; fileRef = 1B80A0C02AE861470015FBEF /* Recipe.swift */; };
		1B80A0CA2AE864E80015FBEF /* SquareRoundBorder.swift in Sources */ = {isa = PBXBuildFile; fileRef = 1B80A0C92AE864E80015FBEF /* SquareRoundBorder.swift */; };
		1B80A0CC2AE866EE0015FBEF /* ModelData.swift in Sources */ = {isa = PBXBuildFile; fileRef = 1B80A0CB2AE866EE0015FBEF /* ModelData.swift */; };
		1B80A0D02AE875790015FBEF /* recipeData.json in Resources */ = {isa = PBXBuildFile; fileRef = 1B80A0CF2AE875790015FBEF /* recipeData.json */; };
		1B80A0D22AE8781C0015FBEF /* RecipeList.swift in Sources */ = {isa = PBXBuildFile; fileRef = 1B80A0D12AE8781C0015FBEF /* RecipeList.swift */; };
/* End PBXBuildFile section */

/* Begin PBXFileReference section */
		1B1A32892ADF0E13001738C3 /* Let'em Cook.app */ = {isa = PBXFileReference; explicitFileType = wrapper.application; includeInIndex = 0; path = "Let'em Cook.app"; sourceTree = BUILT_PRODUCTS_DIR; };
		1B1A328C2ADF0E13001738C3 /* Let_em_CookApp.swift */ = {isa = PBXFileReference; lastKnownFileType = sourcecode.swift; path = Let_em_CookApp.swift; sourceTree = "<group>"; };
		1B1A328E2ADF0E13001738C3 /* ContentView.swift */ = {isa = PBXFileReference; lastKnownFileType = sourcecode.swift; path = ContentView.swift; sourceTree = "<group>"; };
		1B1A32902ADF0E19001738C3 /* Assets.xcassets */ = {isa = PBXFileReference; lastKnownFileType = folder.assetcatalog; path = Assets.xcassets; sourceTree = "<group>"; };
		1B1A32932ADF0E19001738C3 /* Preview Assets.xcassets */ = {isa = PBXFileReference; lastKnownFileType = folder.assetcatalog; path = "Preview Assets.xcassets"; sourceTree = "<group>"; };
		B33B3A622AFAF8D200C8812B /* MapView.swift */ = {isa = PBXFileReference; lastKnownFileType = sourcecode.swift; path = MapView.swift; sourceTree = "<group>"; };
		B3F3DD7D2AF088FC00B7D3E3 /* Let-em-Cook-Info.plist */ = {isa = PBXFileReference; lastKnownFileType = text.plist; path = "Let-em-Cook-Info.plist"; sourceTree = SOURCE_ROOT; };
		1B7FDACA2AE9A21000126CFE /* RecipeDetail.swift */ = {isa = PBXFileReference; lastKnownFileType = sourcecode.swift; path = RecipeDetail.swift; sourceTree = "<group>"; };
		1B80A0BE2AE860EE0015FBEF /* RecipeRow.swift */ = {isa = PBXFileReference; lastKnownFileType = sourcecode.swift; path = RecipeRow.swift; sourceTree = "<group>"; };
		1B80A0C02AE861470015FBEF /* Recipe.swift */ = {isa = PBXFileReference; lastKnownFileType = sourcecode.swift; path = Recipe.swift; sourceTree = "<group>"; };
		1B80A0C92AE864E80015FBEF /* SquareRoundBorder.swift */ = {isa = PBXFileReference; lastKnownFileType = sourcecode.swift; path = SquareRoundBorder.swift; sourceTree = "<group>"; };
		1B80A0CB2AE866EE0015FBEF /* ModelData.swift */ = {isa = PBXFileReference; lastKnownFileType = sourcecode.swift; path = ModelData.swift; sourceTree = "<group>"; };
		1B80A0CF2AE875790015FBEF /* recipeData.json */ = {isa = PBXFileReference; fileEncoding = 4; lastKnownFileType = text.json; path = recipeData.json; sourceTree = "<group>"; };
		1B80A0D12AE8781C0015FBEF /* RecipeList.swift */ = {isa = PBXFileReference; lastKnownFileType = sourcecode.swift; path = RecipeList.swift; sourceTree = "<group>"; };

/* End PBXFileReference section */

/* Begin PBXFrameworksBuildPhase section */
		1B1A32862ADF0E13001738C3 /* Frameworks */ = {
			isa = PBXFrameworksBuildPhase;
			buildActionMask = 2147483647;
			files = (
			);
			runOnlyForDeploymentPostprocessing = 0;
		};
/* End PBXFrameworksBuildPhase section */

/* Begin PBXGroup section */
		1B1A32802ADF0E12001738C3 = {
			isa = PBXGroup;
			children = (
				B33B3A622AFAF8D200C8812B /* MapView.swift */,
				1B1A328B2ADF0E13001738C3 /* Let'em Cook */,
				1B1A328A2ADF0E13001738C3 /* Products */,
			);
			sourceTree = "<group>";
		};
		1B1A328A2ADF0E13001738C3 /* Products */ = {
			isa = PBXGroup;
			children = (
				1B1A32892ADF0E13001738C3 /* Let'em Cook.app */,
			);
			name = Products;
			sourceTree = "<group>";
		};
		1B1A328B2ADF0E13001738C3 /* Let'em Cook */ = {
			isa = PBXGroup;
			children = (

				B3F3DD7D2AF088FC00B7D3E3 /* Let-em-Cook-Info.plist */,
				1B80A0C82AE8647C0015FBEF /* Resources */,
				1B1A328C2ADF0E13001738C3 /* Let_em_CookApp.swift */,
				1B80A0C92AE864E80015FBEF /* SquareRoundBorder.swift */,
				1B80A0BE2AE860EE0015FBEF /* RecipeRow.swift */,
				1B80A0D12AE8781C0015FBEF /* RecipeList.swift */,
				1B7FDACA2AE9A21000126CFE /* RecipeDetail.swift */,
				1B80A0CB2AE866EE0015FBEF /* ModelData.swift */,
				1B80A0C02AE861470015FBEF /* Recipe.swift */,
				1B1A328E2ADF0E13001738C3 /* ContentView.swift */,
				1B1A32902ADF0E19001738C3 /* Assets.xcassets */,
				1B1A32922ADF0E19001738C3 /* Preview Content */,
			);
			path = "Let'em Cook";
			sourceTree = "<group>";
		};
		1B1A32922ADF0E19001738C3 /* Preview Content */ = {
			isa = PBXGroup;
			children = (
				1B1A32932ADF0E19001738C3 /* Preview Assets.xcassets */,
			);
			path = "Preview Content";
			sourceTree = "<group>";
		};
		1B80A0C82AE8647C0015FBEF /* Resources */ = {
			isa = PBXGroup;
			children = (
				1B80A0CF2AE875790015FBEF /* recipeData.json */,
			);
			path = Resources;
			sourceTree = "<group>";
		};
/* End PBXGroup section */

/* Begin PBXNativeTarget section */
		1B1A32882ADF0E13001738C3 /* Let'em Cook */ = {
			isa = PBXNativeTarget;
			buildConfigurationList = 1B1A32972ADF0E19001738C3 /* Build configuration list for PBXNativeTarget "Let'em Cook" */;
			buildPhases = (
				1B1A32852ADF0E13001738C3 /* Sources */,
				1B1A32862ADF0E13001738C3 /* Frameworks */,
				1B1A32872ADF0E13001738C3 /* Resources */,
			);
			buildRules = (
			);
			dependencies = (
			);
			name = "Let'em Cook";
			productName = "Let'em Cook";
			productReference = 1B1A32892ADF0E13001738C3 /* Let'em Cook.app */;
			productType = "com.apple.product-type.application";
		};
/* End PBXNativeTarget section */

/* Begin PBXProject section */
		1B1A32812ADF0E12001738C3 /* Project object */ = {
			isa = PBXProject;
			attributes = {
				BuildIndependentTargetsInParallel = 1;
				LastSwiftUpdateCheck = 1340;
				LastUpgradeCheck = 1340;
				TargetAttributes = {
					1B1A32882ADF0E13001738C3 = {
						CreatedOnToolsVersion = 13.4.1;
					};
				};
			};
			buildConfigurationList = 1B1A32842ADF0E12001738C3 /* Build configuration list for PBXProject "Let'em Cook" */;
			compatibilityVersion = "Xcode 13.0";
			developmentRegion = en;
			hasScannedForEncodings = 0;
			knownRegions = (
				en,
				Base,
			);
			mainGroup = 1B1A32802ADF0E12001738C3;
			productRefGroup = 1B1A328A2ADF0E13001738C3 /* Products */;
			projectDirPath = "";
			projectRoot = "";
			targets = (
				1B1A32882ADF0E13001738C3 /* Let'em Cook */,
			);
		};
/* End PBXProject section */

/* Begin PBXResourcesBuildPhase section */
		1B1A32872ADF0E13001738C3 /* Resources */ = {
			isa = PBXResourcesBuildPhase;
			buildActionMask = 2147483647;
			files = (
				1B80A0D02AE875790015FBEF /* recipeData.json in Resources */,
				1B1A32942ADF0E19001738C3 /* Preview Assets.xcassets in Resources */,
				1B1A32912ADF0E19001738C3 /* Assets.xcassets in Resources */,
			);
			runOnlyForDeploymentPostprocessing = 0;
		};
/* End PBXResourcesBuildPhase section */

/* Begin PBXSourcesBuildPhase section */
		1B1A32852ADF0E13001738C3 /* Sources */ = {
			isa = PBXSourcesBuildPhase;
			buildActionMask = 2147483647;
			files = (
				1B7FDACB2AE9A21000126CFE /* RecipeDetail.swift in Sources */,
				1B1A328F2ADF0E13001738C3 /* ContentView.swift in Sources */,
				B33B3A632AFAF8D200C8812B /* MapView.swift in Sources */,
				1B1A328D2ADF0E13001738C3 /* Let_em_CookApp.swift in Sources */,
				1B80A0BF2AE860EE0015FBEF /* RecipeRow.swift in Sources */,
				1B80A0CA2AE864E80015FBEF /* SquareRoundBorder.swift in Sources */,
				1B80A0C12AE861470015FBEF /* Recipe.swift in Sources */,
				1B80A0CC2AE866EE0015FBEF /* ModelData.swift in Sources */,
				1B80A0D22AE8781C0015FBEF /* RecipeList.swift in Sources */,
			);
			runOnlyForDeploymentPostprocessing = 0;
		};
/* End PBXSourcesBuildPhase section */

/* Begin XCBuildConfiguration section */
		1B1A32952ADF0E19001738C3 /* Debug */ = {
			isa = XCBuildConfiguration;
			buildSettings = {
				ALWAYS_SEARCH_USER_PATHS = NO;
				CLANG_ANALYZER_NONNULL = YES;
				CLANG_ANALYZER_NUMBER_OBJECT_CONVERSION = YES_AGGRESSIVE;
				CLANG_CXX_LANGUAGE_STANDARD = "gnu++17";
				CLANG_ENABLE_MODULES = YES;
				CLANG_ENABLE_OBJC_ARC = YES;
				CLANG_ENABLE_OBJC_WEAK = YES;
				CLANG_WARN_BLOCK_CAPTURE_AUTORELEASING = YES;
				CLANG_WARN_BOOL_CONVERSION = YES;
				CLANG_WARN_COMMA = YES;
				CLANG_WARN_CONSTANT_CONVERSION = YES;
				CLANG_WARN_DEPRECATED_OBJC_IMPLEMENTATIONS = YES;
				CLANG_WARN_DIRECT_OBJC_ISA_USAGE = YES_ERROR;
				CLANG_WARN_DOCUMENTATION_COMMENTS = YES;
				CLANG_WARN_EMPTY_BODY = YES;
				CLANG_WARN_ENUM_CONVERSION = YES;
				CLANG_WARN_INFINITE_RECURSION = YES;
				CLANG_WARN_INT_CONVERSION = YES;
				CLANG_WARN_NON_LITERAL_NULL_CONVERSION = YES;
				CLANG_WARN_OBJC_IMPLICIT_RETAIN_SELF = YES;
				CLANG_WARN_OBJC_LITERAL_CONVERSION = YES;
				CLANG_WARN_OBJC_ROOT_CLASS = YES_ERROR;
				CLANG_WARN_QUOTED_INCLUDE_IN_FRAMEWORK_HEADER = YES;
				CLANG_WARN_RANGE_LOOP_ANALYSIS = YES;
				CLANG_WARN_STRICT_PROTOTYPES = YES;
				CLANG_WARN_SUSPICIOUS_MOVE = YES;
				CLANG_WARN_UNGUARDED_AVAILABILITY = YES_AGGRESSIVE;
				CLANG_WARN_UNREACHABLE_CODE = YES;
				CLANG_WARN__DUPLICATE_METHOD_MATCH = YES;
				COPY_PHASE_STRIP = NO;
				DEBUG_INFORMATION_FORMAT = dwarf;
				ENABLE_STRICT_OBJC_MSGSEND = YES;
				ENABLE_TESTABILITY = YES;
				GCC_C_LANGUAGE_STANDARD = gnu11;
				GCC_DYNAMIC_NO_PIC = NO;
				GCC_NO_COMMON_BLOCKS = YES;
				GCC_OPTIMIZATION_LEVEL = 0;
				GCC_PREPROCESSOR_DEFINITIONS = (
					"DEBUG=1",
					"$(inherited)",
				);
				GCC_WARN_64_TO_32_BIT_CONVERSION = YES;
				GCC_WARN_ABOUT_RETURN_TYPE = YES_ERROR;
				GCC_WARN_UNDECLARED_SELECTOR = YES;
				GCC_WARN_UNINITIALIZED_AUTOS = YES_AGGRESSIVE;
				GCC_WARN_UNUSED_FUNCTION = YES;
				GCC_WARN_UNUSED_VARIABLE = YES;
				IPHONEOS_DEPLOYMENT_TARGET = 15.5;
				MTL_ENABLE_DEBUG_INFO = INCLUDE_SOURCE;
				MTL_FAST_MATH = YES;
				ONLY_ACTIVE_ARCH = YES;
				SDKROOT = iphoneos;
				SWIFT_ACTIVE_COMPILATION_CONDITIONS = DEBUG;
				SWIFT_OPTIMIZATION_LEVEL = "-Onone";
			};
			name = Debug;
		};
		1B1A32962ADF0E19001738C3 /* Release */ = {
			isa = XCBuildConfiguration;
			buildSettings = {
				ALWAYS_SEARCH_USER_PATHS = NO;
				CLANG_ANALYZER_NONNULL = YES;
				CLANG_ANALYZER_NUMBER_OBJECT_CONVERSION = YES_AGGRESSIVE;
				CLANG_CXX_LANGUAGE_STANDARD = "gnu++17";
				CLANG_ENABLE_MODULES = YES;
				CLANG_ENABLE_OBJC_ARC = YES;
				CLANG_ENABLE_OBJC_WEAK = YES;
				CLANG_WARN_BLOCK_CAPTURE_AUTORELEASING = YES;
				CLANG_WARN_BOOL_CONVERSION = YES;
				CLANG_WARN_COMMA = YES;
				CLANG_WARN_CONSTANT_CONVERSION = YES;
				CLANG_WARN_DEPRECATED_OBJC_IMPLEMENTATIONS = YES;
				CLANG_WARN_DIRECT_OBJC_ISA_USAGE = YES_ERROR;
				CLANG_WARN_DOCUMENTATION_COMMENTS = YES;
				CLANG_WARN_EMPTY_BODY = YES;
				CLANG_WARN_ENUM_CONVERSION = YES;
				CLANG_WARN_INFINITE_RECURSION = YES;
				CLANG_WARN_INT_CONVERSION = YES;
				CLANG_WARN_NON_LITERAL_NULL_CONVERSION = YES;
				CLANG_WARN_OBJC_IMPLICIT_RETAIN_SELF = YES;
				CLANG_WARN_OBJC_LITERAL_CONVERSION = YES;
				CLANG_WARN_OBJC_ROOT_CLASS = YES_ERROR;
				CLANG_WARN_QUOTED_INCLUDE_IN_FRAMEWORK_HEADER = YES;
				CLANG_WARN_RANGE_LOOP_ANALYSIS = YES;
				CLANG_WARN_STRICT_PROTOTYPES = YES;
				CLANG_WARN_SUSPICIOUS_MOVE = YES;
				CLANG_WARN_UNGUARDED_AVAILABILITY = YES_AGGRESSIVE;
				CLANG_WARN_UNREACHABLE_CODE = YES;
				CLANG_WARN__DUPLICATE_METHOD_MATCH = YES;
				COPY_PHASE_STRIP = NO;
				DEBUG_INFORMATION_FORMAT = "dwarf-with-dsym";
				ENABLE_NS_ASSERTIONS = NO;
				ENABLE_STRICT_OBJC_MSGSEND = YES;
				GCC_C_LANGUAGE_STANDARD = gnu11;
				GCC_NO_COMMON_BLOCKS = YES;
				GCC_WARN_64_TO_32_BIT_CONVERSION = YES;
				GCC_WARN_ABOUT_RETURN_TYPE = YES_ERROR;
				GCC_WARN_UNDECLARED_SELECTOR = YES;
				GCC_WARN_UNINITIALIZED_AUTOS = YES_AGGRESSIVE;
				GCC_WARN_UNUSED_FUNCTION = YES;
				GCC_WARN_UNUSED_VARIABLE = YES;
				IPHONEOS_DEPLOYMENT_TARGET = 15.5;
				MTL_ENABLE_DEBUG_INFO = NO;
				MTL_FAST_MATH = YES;
				SDKROOT = iphoneos;
				SWIFT_COMPILATION_MODE = wholemodule;
				SWIFT_OPTIMIZATION_LEVEL = "-O";
				VALIDATE_PRODUCT = YES;
			};
			name = Release;
		};
		1B1A32982ADF0E19001738C3 /* Debug */ = {
			isa = XCBuildConfiguration;
			buildSettings = {
				ASSETCATALOG_COMPILER_APPICON_NAME = AppIcon;
				ASSETCATALOG_COMPILER_GLOBAL_ACCENT_COLOR_NAME = AccentColor;
				CODE_SIGN_STYLE = Automatic;
				CURRENT_PROJECT_VERSION = 1;
				DEVELOPMENT_ASSET_PATHS = "\"Let'em Cook/Preview Content\"";
				DEVELOPMENT_TEAM = Q4F9T3VALF;
				ENABLE_PREVIEWS = YES;
				GENERATE_INFOPLIST_FILE = YES;
				INFOPLIST_FILE = "Let-em-Cook-Info.plist";
				INFOPLIST_KEY_LSApplicationCategoryType = "public.app-category.navigation";
				INFOPLIST_KEY_UIApplicationSceneManifest_Generation = YES;
				INFOPLIST_KEY_UIApplicationSupportsIndirectInputEvents = YES;
				INFOPLIST_KEY_UILaunchScreen_Generation = YES;
				INFOPLIST_KEY_UISupportedInterfaceOrientations_iPad = "UIInterfaceOrientationPortrait UIInterfaceOrientationPortraitUpsideDown UIInterfaceOrientationLandscapeLeft UIInterfaceOrientationLandscapeRight";
				INFOPLIST_KEY_UISupportedInterfaceOrientations_iPhone = "UIInterfaceOrientationPortrait UIInterfaceOrientationLandscapeLeft UIInterfaceOrientationLandscapeRight";
				IPHONEOS_DEPLOYMENT_TARGET = 17.0;
				LD_RUNPATH_SEARCH_PATHS = (
					"$(inherited)",
					"@executable_path/Frameworks",
				);
				MARKETING_VERSION = 1.0;
				PRODUCT_BUNDLE_IDENTIFIER = "arnav.Let-em-Cook";
				PRODUCT_NAME = "$(TARGET_NAME)";
				SWIFT_EMIT_LOC_STRINGS = YES;
				SWIFT_VERSION = 5.0;
				TARGETED_DEVICE_FAMILY = "1,2";
			};
			name = Debug;
		};
		1B1A32992ADF0E19001738C3 /* Release */ = {
			isa = XCBuildConfiguration;
			buildSettings = {
				ASSETCATALOG_COMPILER_APPICON_NAME = AppIcon;
				ASSETCATALOG_COMPILER_GLOBAL_ACCENT_COLOR_NAME = AccentColor;
				CODE_SIGN_STYLE = Automatic;
				CURRENT_PROJECT_VERSION = 1;
				DEVELOPMENT_ASSET_PATHS = "\"Let'em Cook/Preview Content\"";
				DEVELOPMENT_TEAM = Q4F9T3VALF;
				ENABLE_PREVIEWS = YES;
				GENERATE_INFOPLIST_FILE = YES;
				INFOPLIST_FILE = "Let-em-Cook-Info.plist";
				INFOPLIST_KEY_LSApplicationCategoryType = "public.app-category.navigation";
				INFOPLIST_KEY_UIApplicationSceneManifest_Generation = YES;
				INFOPLIST_KEY_UIApplicationSupportsIndirectInputEvents = YES;
				INFOPLIST_KEY_UILaunchScreen_Generation = YES;
				INFOPLIST_KEY_UISupportedInterfaceOrientations_iPad = "UIInterfaceOrientationPortrait UIInterfaceOrientationPortraitUpsideDown UIInterfaceOrientationLandscapeLeft UIInterfaceOrientationLandscapeRight";
				INFOPLIST_KEY_UISupportedInterfaceOrientations_iPhone = "UIInterfaceOrientationPortrait UIInterfaceOrientationLandscapeLeft UIInterfaceOrientationLandscapeRight";
				IPHONEOS_DEPLOYMENT_TARGET = 17.0;
				LD_RUNPATH_SEARCH_PATHS = (
					"$(inherited)",
					"@executable_path/Frameworks",
				);
				MARKETING_VERSION = 1.0;
				PRODUCT_BUNDLE_IDENTIFIER = "arnav.Let-em-Cook";
				PRODUCT_NAME = "$(TARGET_NAME)";
				SWIFT_EMIT_LOC_STRINGS = YES;
				SWIFT_VERSION = 5.0;
				TARGETED_DEVICE_FAMILY = "1,2";
			};
			name = Release;
		};
/* End XCBuildConfiguration section */

/* Begin XCConfigurationList section */
		1B1A32842ADF0E12001738C3 /* Build configuration list for PBXProject "Let'em Cook" */ = {
			isa = XCConfigurationList;
			buildConfigurations = (
				1B1A32952ADF0E19001738C3 /* Debug */,
				1B1A32962ADF0E19001738C3 /* Release */,
			);
			defaultConfigurationIsVisible = 0;
			defaultConfigurationName = Release;
		};
		1B1A32972ADF0E19001738C3 /* Build configuration list for PBXNativeTarget "Let'em Cook" */ = {
			isa = XCConfigurationList;
			buildConfigurations = (
				1B1A32982ADF0E19001738C3 /* Debug */,
				1B1A32992ADF0E19001738C3 /* Release */,
			);
			defaultConfigurationIsVisible = 0;
			defaultConfigurationName = Release;
		};
/* End XCConfigurationList section */
	};
	rootObject = 1B1A32812ADF0E12001738C3 /* Project object */;
}
